dependencies:
- name: common
  repository: https://charts.bitnami.com/bitnami
  version: 2.38.0
- name: backstage
  repository: file://./vendor/backstage/charts/backstage/
  version: 2.8.0
digest: sha256:9aec2d438c54915703e0b4aeb335f3cadeee906ab094248bca0e42afa0462881
generated: "2026-06-01T08:37:17.239985044Z"
